// !$*UTF8*$!
{
	archiveVersion = 1;
	classes = {
	};
	objectVersion = 60;
	objects = {

/* Begin PBXBuildFile section */
		7DFB5D262C3550480092FEC5 /* TestingWorkshopApp.swift in Sources */ = {isa = PBXBuildFile; fileRef = 7DFB5D252C3550480092FEC5 /* TestingWorkshopApp.swift */; };
		7DFB5D282C3550480092FEC5 /* ContentView.swift in Sources */ = {isa = PBXBuildFile; fileRef = 7DFB5D272C3550480092FEC5 /* ContentView.swift */; };
		7DFB5D2A2C3550490092FEC5 /* Assets.xcassets in Resources */ = {isa = PBXBuildFile; fileRef = 7DFB5D292C3550490092FEC5 /* Assets.xcassets */; };
		7DFB5D2D2C3550490092FEC5 /* Preview Assets.xcassets in Resources */ = {isa = PBXBuildFile; fileRef = 7DFB5D2C2C3550490092FEC5 /* Preview Assets.xcassets */; };
		7DFB5D372C3550490092FEC5 /* TestingWorkshopTests.swift in Sources */ = {isa = PBXBuildFile; fileRef = 7DFB5D362C3550490092FEC5 /* TestingWorkshopTests.swift */; };
		7DFB5D412C3550490092FEC5 /* TestingWorkshopUITests.swift in Sources */ = {isa = PBXBuildFile; fileRef = 7DFB5D402C3550490092FEC5 /* TestingWorkshopUITests.swift */; };
		7DFB5D432C3550490092FEC5 /* TestingWorkshopUITestsLaunchTests.swift in Sources */ = {isa = PBXBuildFile; fileRef = 7DFB5D422C3550490092FEC5 /* TestingWorkshopUITestsLaunchTests.swift */; };
		7DFB5D512C35521B0092FEC5 /* LibraryManager.swift in Sources */ = {isa = PBXBuildFile; fileRef = 7DFB5D502C3552120092FEC5 /* LibraryManager.swift */; };
		7DFB5D532C3552710092FEC5 /* TODOListManager.swift in Sources */ = {isa = PBXBuildFile; fileRef = 7DFB5D522C3552680092FEC5 /* TODOListManager.swift */; };
		AC30A2BB164C966507E769B2 /* Pods_TestingWorkshop_TestingWorkshopUITests.framework in Frameworks */ = {isa = PBXBuildFile; fileRef = B870655C2C488FACDB2B8E66 /* Pods_TestingWorkshop_TestingWorkshopUITests.framework */; };
		BA8458F597FFE430C3B7FEBD /* Pods_TestingWorkshopTests.framework in Frameworks */ = {isa = PBXBuildFile; fileRef = 0B65EE4EEAFBC18B567278A6 /* Pods_TestingWorkshopTests.framework */; };
		F8FFAAB0B25B9F377A2AB167 /* Pods_TestingWorkshop.framework in Frameworks */ = {isa = PBXBuildFile; fileRef = FE9B585494A8430CEDB8983A /* Pods_TestingWorkshop.framework */; };
/* End PBXBuildFile section */

/* Begin PBXContainerItemProxy section */
		7DFB5D332C3550490092FEC5 /* PBXContainerItemProxy */ = {
			isa = PBXContainerItemProxy;
			containerPortal = 7DFB5D1A2C3550480092FEC5 /* Project object */;
			proxyType = 1;
			remoteGlobalIDString = 7DFB5D212C3550480092FEC5;
			remoteInfo = TestingWorkshop;
		};
		7DFB5D3D2C3550490092FEC5 /* PBXContainerItemProxy */ = {
			isa = PBXContainerItemProxy;
			containerPortal = 7DFB5D1A2C3550480092FEC5 /* Project object */;
			proxyType = 1;
			remoteGlobalIDString = 7DFB5D212C3550480092FEC5;
			remoteInfo = TestingWorkshop;
		};
/* End PBXContainerItemProxy section */

/* Begin PBXFileReference section */
		0B65EE4EEAFBC18B567278A6 /* Pods_TestingWorkshopTests.framework */ = {isa = PBXFileReference; explicitFileType = wrapper.framework; includeInIndex = 0; path = Pods_TestingWorkshopTests.framework; sourceTree = BUILT_PRODUCTS_DIR; };
		18802815BAED9223E7A61756 /* Pods-TestingWorkshop-TestingWorkshopUITests.release.xcconfig */ = {isa = PBXFileReference; includeInIndex = 1; lastKnownFileType = text.xcconfig; name = "Pods-TestingWorkshop-TestingWorkshopUITests.release.xcconfig"; path = "Target Support Files/Pods-TestingWorkshop-TestingWorkshopUITests/Pods-TestingWorkshop-TestingWorkshopUITests.release.xcconfig"; sourceTree = "<group>"; };
		4A8AD0D7D01A6D86638F5214 /* Pods-TestingWorkshopTests.release.xcconfig */ = {isa = PBXFileReference; includeInIndex = 1; lastKnownFileType = text.xcconfig; name = "Pods-TestingWorkshopTests.release.xcconfig"; path = "Target Support Files/Pods-TestingWorkshopTests/Pods-TestingWorkshopTests.release.xcconfig"; sourceTree = "<group>"; };
		7C2C8025068CE8EF50A4C067 /* Pods-TestingWorkshop-TestingWorkshopUITests.debug.xcconfig */ = {isa = PBXFileReference; includeInIndex = 1; lastKnownFileType = text.xcconfig; name = "Pods-TestingWorkshop-TestingWorkshopUITests.debug.xcconfig"; path = "Target Support Files/Pods-TestingWorkshop-TestingWorkshopUITests/Pods-TestingWorkshop-TestingWorkshopUITests.debug.xcconfig"; sourceTree = "<group>"; };
		7DFB5D222C3550480092FEC5 /* TestingWorkshop.app */ = {isa = PBXFileReference; explicitFileType = wrapper.application; includeInIndex = 0; path = TestingWorkshop.app; sourceTree = BUILT_PRODUCTS_DIR; };
		7DFB5D252C3550480092FEC5 /* TestingWorkshopApp.swift */ = {isa = PBXFileReference; lastKnownFileType = sourcecode.swift; path = TestingWorkshopApp.swift; sourceTree = "<group>"; };
		7DFB5D272C3550480092FEC5 /* ContentView.swift */ = {isa = PBXFileReference; lastKnownFileType = sourcecode.swift; path = ContentView.swift; sourceTree = "<group>"; };
		7DFB5D292C3550490092FEC5 /* Assets.xcassets */ = {isa = PBXFileReference; lastKnownFileType = folder.assetcatalog; path = Assets.xcassets; sourceTree = "<group>"; };
		7DFB5D2C2C3550490092FEC5 /* Preview Assets.xcassets */ = {isa = PBXFileReference; lastKnownFileType = folder.assetcatalog; path = "Preview Assets.xcassets"; sourceTree = "<group>"; };
		7DFB5D322C3550490092FEC5 /* TestingWorkshopTests.xctest */ = {isa = PBXFileReference; explicitFileType = wrapper.cfbundle; includeInIndex = 0; path = TestingWorkshopTests.xctest; sourceTree = BUILT_PRODUCTS_DIR; };
		7DFB5D362C3550490092FEC5 /* TestingWorkshopTests.swift */ = {isa = PBXFileReference; lastKnownFileType = sourcecode.swift; path = TestingWorkshopTests.swift; sourceTree = "<group>"; };
		7DFB5D3C2C3550490092FEC5 /* TestingWorkshopUITests.xctest */ = {isa = PBXFileReference; explicitFileType = wrapper.cfbundle; includeInIndex = 0; path = TestingWorkshopUITests.xctest; sourceTree = BUILT_PRODUCTS_DIR; };
		7DFB5D402C3550490092FEC5 /* TestingWorkshopUITests.swift */ = {isa = PBXFileReference; lastKnownFileType = sourcecode.swift; path = TestingWorkshopUITests.swift; sourceTree = "<group>"; };
		7DFB5D422C3550490092FEC5 /* TestingWorkshopUITestsLaunchTests.swift */ = {isa = PBXFileReference; lastKnownFileType = sourcecode.swift; path = TestingWorkshopUITestsLaunchTests.swift; sourceTree = "<group>"; };
		7DFB5D502C3552120092FEC5 /* LibraryManager.swift */ = {isa = PBXFileReference; lastKnownFileType = sourcecode.swift; path = LibraryManager.swift; sourceTree = "<group>"; };
		7DFB5D522C3552680092FEC5 /* TODOListManager.swift */ = {isa = PBXFileReference; lastKnownFileType = sourcecode.swift; path = TODOListManager.swift; sourceTree = "<group>"; };
		83EC1B78ACB01E28004F68B4 /* Pods-TestingWorkshop.release.xcconfig */ = {isa = PBXFileReference; includeInIndex = 1; lastKnownFileType = text.xcconfig; name = "Pods-TestingWorkshop.release.xcconfig"; path = "Target Support Files/Pods-TestingWorkshop/Pods-TestingWorkshop.release.xcconfig"; sourceTree = "<group>"; };
		9404C779418392614D47F4E5 /* Pods-TestingWorkshopTests.debug.xcconfig */ = {isa = PBXFileReference; includeInIndex = 1; lastKnownFileType = text.xcconfig; name = "Pods-TestingWorkshopTests.debug.xcconfig"; path = "Target Support Files/Pods-TestingWorkshopTests/Pods-TestingWorkshopTests.debug.xcconfig"; sourceTree = "<group>"; };
		B870655C2C488FACDB2B8E66 /* Pods_TestingWorkshop_TestingWorkshopUITests.framework */ = {isa = PBXFileReference; explicitFileType = wrapper.framework; includeInIndex = 0; path = Pods_TestingWorkshop_TestingWorkshopUITests.framework; sourceTree = BUILT_PRODUCTS_DIR; };
		C8E2106A2F79AF4C2D465D4D /* Pods-TestingWorkshop.debug.xcconfig */ = {isa = PBXFileReference; includeInIndex = 1; lastKnownFileType = text.xcconfig; name = "Pods-TestingWorkshop.debug.xcconfig"; path = "Target Support Files/Pods-TestingWorkshop/Pods-TestingWorkshop.debug.xcconfig"; sourceTree = "<group>"; };
		FE9B585494A8430CEDB8983A /* Pods_TestingWorkshop.framework */ = {isa = PBXFileReference; explicitFileType = wrapper.framework; includeInIndex = 0; path = Pods_TestingWorkshop.framework; sourceTree = BUILT_PRODUCTS_DIR; };
/* End PBXFileReference section */

/* Begin PBXFrameworksBuildPhase section */
		7DFB5D1F2C3550480092FEC5 /* Frameworks */ = {
			isa = PBXFrameworksBuildPhase;
			buildActionMask = 2147483647;
			files = (
				F8FFAAB0B25B9F377A2AB167 /* Pods_TestingWorkshop.framework in Frameworks */,
			);
			runOnlyForDeploymentPostprocessing = 0;
		};
		7DFB5D2F2C3550490092FEC5 /* Frameworks */ = {
			isa = PBXFrameworksBuildPhase;
			buildActionMask = 2147483647;
			files = (
				BA8458F597FFE430C3B7FEBD /* Pods_TestingWorkshopTests.framework in Frameworks */,
			);
			runOnlyForDeploymentPostprocessing = 0;
		};
		7DFB5D392C3550490092FEC5 /* Frameworks */ = {
			isa = PBXFrameworksBuildPhase;
			buildActionMask = 2147483647;
			files = (
				AC30A2BB164C966507E769B2 /* Pods_TestingWorkshop_TestingWorkshopUITests.framework in Frameworks */,
			);
			runOnlyForDeploymentPostprocessing = 0;
		};
/* End PBXFrameworksBuildPhase section */

/* Begin PBXGroup section */
		2F2E014753D265DAEE1F1681 /* Frameworks */ = {
			isa = PBXGroup;
			children = (
				FE9B585494A8430CEDB8983A /* Pods_TestingWorkshop.framework */,
				B870655C2C488FACDB2B8E66 /* Pods_TestingWorkshop_TestingWorkshopUITests.framework */,
				0B65EE4EEAFBC18B567278A6 /* Pods_TestingWorkshopTests.framework */,
			);
			name = Frameworks;
			sourceTree = "<group>";
		};
		7A9CFECEC423C0FED4AD3838 /* Pods */ = {
			isa = PBXGroup;
			children = (
				C8E2106A2F79AF4C2D465D4D /* Pods-TestingWorkshop.debug.xcconfig */,
				83EC1B78ACB01E28004F68B4 /* Pods-TestingWorkshop.release.xcconfig */,
				7C2C8025068CE8EF50A4C067 /* Pods-TestingWorkshop-TestingWorkshopUITests.debug.xcconfig */,
				18802815BAED9223E7A61756 /* Pods-TestingWorkshop-TestingWorkshopUITests.release.xcconfig */,
				9404C779418392614D47F4E5 /* Pods-TestingWorkshopTests.debug.xcconfig */,
				4A8AD0D7D01A6D86638F5214 /* Pods-TestingWorkshopTests.release.xcconfig */,
			);
			path = Pods;
			sourceTree = "<group>";
		};
		7DFB5D192C3550480092FEC5 = {
			isa = PBXGroup;
			children = (
				7DFB5D242C3550480092FEC5 /* TestingWorkshop */,
				7DFB5D352C3550490092FEC5 /* TestingWorkshopTests */,
				7DFB5D3F2C3550490092FEC5 /* TestingWorkshopUITests */,
				7DFB5D232C3550480092FEC5 /* Products */,
				7A9CFECEC423C0FED4AD3838 /* Pods */,
				2F2E014753D265DAEE1F1681 /* Frameworks */,
			);
			sourceTree = "<group>";
		};
		7DFB5D232C3550480092FEC5 /* Products */ = {
			isa = PBXGroup;
			children = (
				7DFB5D222C3550480092FEC5 /* TestingWorkshop.app */,
				7DFB5D322C3550490092FEC5 /* TestingWorkshopTests.xctest */,
				7DFB5D3C2C3550490092FEC5 /* TestingWorkshopUITests.xctest */,
			);
			name = Products;
			sourceTree = "<group>";
		};
		7DFB5D242C3550480092FEC5 /* TestingWorkshop */ = {
			isa = PBXGroup;
			children = (
				7DFB5D4F2C35520C0092FEC5 /* Classes */,
				7DFB5D252C3550480092FEC5 /* TestingWorkshopApp.swift */,
				7DFB5D272C3550480092FEC5 /* ContentView.swift */,
				7DFB5D292C3550490092FEC5 /* Assets.xcassets */,
				7DFB5D2B2C3550490092FEC5 /* Preview Content */,
			);
			path = TestingWorkshop;
			sourceTree = "<group>";
		};
		7DFB5D2B2C3550490092FEC5 /* Preview Content */ = {
			isa = PBXGroup;
			children = (
				7DFB5D2C2C3550490092FEC5 /* Preview Assets.xcassets */,
			);
			path = "Preview Content";
			sourceTree = "<group>";
		};
		7DFB5D352C3550490092FEC5 /* TestingWorkshopTests */ = {
			isa = PBXGroup;
			children = (
				7DFB5D362C3550490092FEC5 /* TestingWorkshopTests.swift */,
			);
			path = TestingWorkshopTests;
			sourceTree = "<group>";
		};
		7DFB5D3F2C3550490092FEC5 /* TestingWorkshopUITests */ = {
			isa = PBXGroup;
			children = (
				7DFB5D402C3550490092FEC5 /* TestingWorkshopUITests.swift */,
				7DFB5D422C3550490092FEC5 /* TestingWorkshopUITestsLaunchTests.swift */,
			);
			path = TestingWorkshopUITests;
			sourceTree = "<group>";
		};
		7DFB5D4F2C35520C0092FEC5 /* Classes */ = {
			isa = PBXGroup;
			children = (
				7DFB5D522C3552680092FEC5 /* TODOListManager.swift */,
				7DFB5D502C3552120092FEC5 /* LibraryManager.swift */,
			);
			path = Classes;
			sourceTree = "<group>";
		};
/* End PBXGroup section */

/* Begin PBXNativeTarget section */
		7DFB5D212C3550480092FEC5 /* TestingWorkshop */ = {
			isa = PBXNativeTarget;
			buildConfigurationList = 7DFB5D462C3550490092FEC5 /* Build configuration list for PBXNativeTarget "TestingWorkshop" */;
			buildPhases = (
				64187A70A72609E900C9203A /* [CP] Check Pods Manifest.lock */,
				7DFB5D1E2C3550480092FEC5 /* Sources */,
				7DFB5D1F2C3550480092FEC5 /* Frameworks */,
				7DFB5D202C3550480092FEC5 /* Resources */,
				E30099ED3FD8FA73C10BA929 /* [CP] Embed Pods Frameworks */,
			);
			buildRules = (
			);
			dependencies = (
			);
			name = TestingWorkshop;
			productName = TestingWorkshop;
			productReference = 7DFB5D222C3550480092FEC5 /* TestingWorkshop.app */;
			productType = "com.apple.product-type.application";
		};
		7DFB5D312C3550490092FEC5 /* TestingWorkshopTests */ = {
			isa = PBXNativeTarget;
			buildConfigurationList = 7DFB5D492C3550490092FEC5 /* Build configuration list for PBXNativeTarget "TestingWorkshopTests" */;
			buildPhases = (
				B5CFC1C01BCF5180C8D183BD /* [CP] Check Pods Manifest.lock */,
				7DFB5D2E2C3550490092FEC5 /* Sources */,
				7DFB5D2F2C3550490092FEC5 /* Frameworks */,
				7DFB5D302C3550490092FEC5 /* Resources */,
			);
			buildRules = (
			);
			dependencies = (
				7DFB5D342C3550490092FEC5 /* PBXTargetDependency */,
			);
			name = TestingWorkshopTests;
			productName = TestingWorkshopTests;
			productReference = 7DFB5D322C3550490092FEC5 /* TestingWorkshopTests.xctest */;
			productType = "com.apple.product-type.bundle.unit-test";
		};
		7DFB5D3B2C3550490092FEC5 /* TestingWorkshopUITests */ = {
			isa = PBXNativeTarget;
			buildConfigurationList = 7DFB5D4C2C3550490092FEC5 /* Build configuration list for PBXNativeTarget "TestingWorkshopUITests" */;
			buildPhases = (
				CA42D3B128E09EE1C51E4E30 /* [CP] Check Pods Manifest.lock */,
				7DFB5D382C3550490092FEC5 /* Sources */,
				7DFB5D392C3550490092FEC5 /* Frameworks */,
				7DFB5D3A2C3550490092FEC5 /* Resources */,
				21D47142F8F58FD00C0C0571 /* [CP] Embed Pods Frameworks */,
			);
			buildRules = (
			);
			dependencies = (
				7DFB5D3E2C3550490092FEC5 /* PBXTargetDependency */,
			);
			name = TestingWorkshopUITests;
			productName = TestingWorkshopUITests;
			productReference = 7DFB5D3C2C3550490092FEC5 /* TestingWorkshopUITests.xctest */;
			productType = "com.apple.product-type.bundle.ui-testing";
		};
/* End PBXNativeTarget section */

/* Begin PBXProject section */
		7DFB5D1A2C3550480092FEC5 /* Project object */ = {
			isa = PBXProject;
			attributes = {
				BuildIndependentTargetsInParallel = 1;
				LastSwiftUpdateCheck = 1600;
				LastUpgradeCheck = 1600;
				TargetAttributes = {
					7DFB5D212C3550480092FEC5 = {
						CreatedOnToolsVersion = 16.0;
					};
					7DFB5D312C3550490092FEC5 = {
						CreatedOnToolsVersion = 16.0;
						TestTargetID = 7DFB5D212C3550480092FEC5;
					};
					7DFB5D3B2C3550490092FEC5 = {
						CreatedOnToolsVersion = 16.0;
						TestTargetID = 7DFB5D212C3550480092FEC5;
					};
				};
			};
			buildConfigurationList = 7DFB5D1D2C3550480092FEC5 /* Build configuration list for PBXProject "TestingWorkshop" */;
			compatibilityVersion = "Xcode 15.0";
			developmentRegion = en;
			hasScannedForEncodings = 0;
			knownRegions = (
				en,
				Base,
			);
			mainGroup = 7DFB5D192C3550480092FEC5;
			productRefGroup = 7DFB5D232C3550480092FEC5 /* Products */;
			projectDirPath = "";
			projectRoot = "";
			targets = (
				7DFB5D212C3550480092FEC5 /* TestingWorkshop */,
				7DFB5D312C3550490092FEC5 /* TestingWorkshopTests */,
				7DFB5D3B2C3550490092FEC5 /* TestingWorkshopUITests */,
			);
		};
/* End PBXProject section */

/* Begin PBXResourcesBuildPhase section */
		7DFB5D202C3550480092FEC5 /* Resources */ = {
			isa = PBXResourcesBuildPhase;
			buildActionMask = 2147483647;
			files = (
				7DFB5D2D2C3550490092FEC5 /* Preview Assets.xcassets in Resources */,
				7DFB5D2A2C3550490092FEC5 /* Assets.xcassets in Resources */,
			);
			runOnlyForDeploymentPostprocessing = 0;
		};
		7DFB5D302C3550490092FEC5 /* Resources */ = {
			isa = PBXResourcesBuildPhase;
			buildActionMask = 2147483647;
			files = (
			);
			runOnlyForDeploymentPostprocessing = 0;
		};
		7DFB5D3A2C3550490092FEC5 /* Resources */ = {
			isa = PBXResourcesBuildPhase;
			buildActionMask = 2147483647;
			files = (
			);
			runOnlyForDeploymentPostprocessing = 0;
		};
/* End PBXResourcesBuildPhase section */

/* Begin PBXShellScriptBuildPhase section */
		21D47142F8F58FD00C0C0571 /* [CP] Embed Pods Frameworks */ = {
			isa = PBXShellScriptBuildPhase;
			buildActionMask = 2147483647;
			files = (
			);
			inputFileListPaths = (
				"${PODS_ROOT}/Target Support Files/Pods-TestingWorkshop-TestingWorkshopUITests/Pods-TestingWorkshop-TestingWorkshopUITests-frameworks-${CONFIGURATION}-input-files.xcfilelist",
			);
			name = "[CP] Embed Pods Frameworks";
			outputFileListPaths = (
				"${PODS_ROOT}/Target Support Files/Pods-TestingWorkshop-TestingWorkshopUITests/Pods-TestingWorkshop-TestingWorkshopUITests-frameworks-${CONFIGURATION}-output-files.xcfilelist",
			);
			runOnlyForDeploymentPostprocessing = 0;
			shellPath = /bin/sh;
			shellScript = "\"${PODS_ROOT}/Target Support Files/Pods-TestingWorkshop-TestingWorkshopUITests/Pods-TestingWorkshop-TestingWorkshopUITests-frameworks.sh\"\n";
			showEnvVarsInLog = 0;
		};
		64187A70A72609E900C9203A /* [CP] Check Pods Manifest.lock */ = {
			isa = PBXShellScriptBuildPhase;
			buildActionMask = 2147483647;
			files = (
			);
			inputFileListPaths = (
			);
			inputPaths = (
				"${PODS_PODFILE_DIR_PATH}/Podfile.lock",
				"${PODS_ROOT}/Manifest.lock",
			);
			name = "[CP] Check Pods Manifest.lock";
			outputFileListPaths = (
			);
			outputPaths = (
				"$(DERIVED_FILE_DIR)/Pods-TestingWorkshop-checkManifestLockResult.txt",
			);
			runOnlyForDeploymentPostprocessing = 0;
			shellPath = /bin/sh;
			shellScript = "diff \"${PODS_PODFILE_DIR_PATH}/Podfile.lock\" \"${PODS_ROOT}/Manifest.lock\" > /dev/null\nif [ $? != 0 ] ; then\n    # print error to STDERR\n    echo \"error: The sandbox is not in sync with the Podfile.lock. Run 'pod install' or update your CocoaPods installation.\" >&2\n    exit 1\nfi\n# This output is used by Xcode 'outputs' to avoid re-running this script phase.\necho \"SUCCESS\" > \"${SCRIPT_OUTPUT_FILE_0}\"\n";
			showEnvVarsInLog = 0;
		};
		B5CFC1C01BCF5180C8D183BD /* [CP] Check Pods Manifest.lock */ = {
			isa = PBXShellScriptBuildPhase;
			buildActionMask = 2147483647;
			files = (
			);
			inputFileListPaths = (
			);
			inputPaths = (
				"${PODS_PODFILE_DIR_PATH}/Podfile.lock",
				"${PODS_ROOT}/Manifest.lock",
			);
			name = "[CP] Check Pods Manifest.lock";
			outputFileListPaths = (
			);
			outputPaths = (
				"$(DERIVED_FILE_DIR)/Pods-TestingWorkshopTests-checkManifestLockResult.txt",
			);
			runOnlyForDeploymentPostprocessing = 0;
			shellPath = /bin/sh;
			shellScript = "diff \"${PODS_PODFILE_DIR_PATH}/Podfile.lock\" \"${PODS_ROOT}/Manifest.lock\" > /dev/null\nif [ $? != 0 ] ; then\n    # print error to STDERR\n    echo \"error: The sandbox is not in sync with the Podfile.lock. Run 'pod install' or update your CocoaPods installation.\" >&2\n    exit 1\nfi\n# This output is used by Xcode 'outputs' to avoid re-running this script phase.\necho \"SUCCESS\" > \"${SCRIPT_OUTPUT_FILE_0}\"\n";
			showEnvVarsInLog = 0;
		};
		CA42D3B128E09EE1C51E4E30 /* [CP] Check Pods Manifest.lock */ = {
			isa = PBXShellScriptBuildPhase;
			buildActionMask = 2147483647;
			files = (
			);
			inputFileListPaths = (
			);
			inputPaths = (
				"${PODS_PODFILE_DIR_PATH}/Podfile.lock",
				"${PODS_ROOT}/Manifest.lock",
			);
			name = "[CP] Check Pods Manifest.lock";
			outputFileListPaths = (
			);
			outputPaths = (
				"$(DERIVED_FILE_DIR)/Pods-TestingWorkshop-TestingWorkshopUITests-checkManifestLockResult.txt",
			);
			runOnlyForDeploymentPostprocessing = 0;
			shellPath = /bin/sh;
			shellScript = "diff \"${PODS_PODFILE_DIR_PATH}/Podfile.lock\" \"${PODS_ROOT}/Manifest.lock\" > /dev/null\nif [ $? != 0 ] ; then\n    # print error to STDERR\n    echo \"error: The sandbox is not in sync with the Podfile.lock. Run 'pod install' or update your CocoaPods installation.\" >&2\n    exit 1\nfi\n# This output is used by Xcode 'outputs' to avoid re-running this script phase.\necho \"SUCCESS\" > \"${SCRIPT_OUTPUT_FILE_0}\"\n";
			showEnvVarsInLog = 0;
		};
		E30099ED3FD8FA73C10BA929 /* [CP] Embed Pods Frameworks */ = {
			isa = PBXShellScriptBuildPhase;
			buildActionMask = 2147483647;
			files = (
			);
			inputFileListPaths = (
				"${PODS_ROOT}/Target Support Files/Pods-TestingWorkshop/Pods-TestingWorkshop-frameworks-${CONFIGURATION}-input-files.xcfilelist",
			);
			name = "[CP] Embed Pods Frameworks";
			outputFileListPaths = (
				"${PODS_ROOT}/Target Support Files/Pods-TestingWorkshop/Pods-TestingWorkshop-frameworks-${CONFIGURATION}-output-files.xcfilelist",
			);
			runOnlyForDeploymentPostprocessing = 0;
			shellPath = /bin/sh;
			shellScript = "\"${PODS_ROOT}/Target Support Files/Pods-TestingWorkshop/Pods-TestingWorkshop-frameworks.sh\"\n";
			showEnvVarsInLog = 0;
		};
/* End PBXShellScriptBuildPhase section */

/* Begin PBXSourcesBuildPhase section */
		7DFB5D1E2C3550480092FEC5 /* Sources */ = {
			isa = PBXSourcesBuildPhase;
			buildActionMask = 2147483647;
			files = (
				7DFB5D282C3550480092FEC5 /* ContentView.swift in Sources */,
				7DFB5D532C3552710092FEC5 /* TODOListManager.swift in Sources */,
				7DFB5D262C3550480092FEC5 /* TestingWorkshopApp.swift in Sources */,
				7DFB5D512C35521B0092FEC5 /* LibraryManager.swift in Sources */,
			);
			runOnlyForDeploymentPostprocessing = 0;
		};
		7DFB5D2E2C3550490092FEC5 /* Sources */ = {
			isa = PBXSourcesBuildPhase;
			buildActionMask = 2147483647;
			files = (
				7DFB5D372C3550490092FEC5 /* TestingWorkshopTests.swift in Sources */,
			);
			runOnlyForDeploymentPostprocessing = 0;
		};
		7DFB5D382C3550490092FEC5 /* Sources */ = {
			isa = PBXSourcesBuildPhase;
			buildActionMask = 2147483647;
			files = (
				7DFB5D432C3550490092FEC5 /* TestingWorkshopUITestsLaunchTests.swift in Sources */,
				7DFB5D412C3550490092FEC5 /* TestingWorkshopUITests.swift in Sources */,
			);
			runOnlyForDeploymentPostprocessing = 0;
		};
/* End PBXSourcesBuildPhase section */

/* Begin PBXTargetDependency section */
		7DFB5D342C3550490092FEC5 /* PBXTargetDependency */ = {
			isa = PBXTargetDependency;
			target = 7DFB5D212C3550480092FEC5 /* TestingWorkshop */;
			targetProxy = 7DFB5D332C3550490092FEC5 /* PBXContainerItemProxy */;
		};
		7DFB5D3E2C3550490092FEC5 /* PBXTargetDependency */ = {
			isa = PBXTargetDependency;
			target = 7DFB5D212C3550480092FEC5 /* TestingWorkshop */;
			targetProxy = 7DFB5D3D2C3550490092FEC5 /* PBXContainerItemProxy */;
		};
/* End PBXTargetDependency section */

/* Begin XCBuildConfiguration section */
		7DFB5D442C3550490092FEC5 /* Debug */ = {
			isa = XCBuildConfiguration;
			buildSettings = {
				ALWAYS_SEARCH_USER_PATHS = NO;
				ASSETCATALOG_COMPILER_GENERATE_SWIFT_ASSET_SYMBOL_EXTENSIONS = YES;
				CLANG_ANALYZER_NONNULL = YES;
				CLANG_ANALYZER_NUMBER_OBJECT_CONVERSION = YES_AGGRESSIVE;
				CLANG_CXX_LANGUAGE_STANDARD = "gnu++20";
				CLANG_ENABLE_MODULES = YES;
				CLANG_ENABLE_OBJC_ARC = YES;
				CLANG_ENABLE_OBJC_WEAK = YES;
				CLANG_WARN_BLOCK_CAPTURE_AUTORELEASING = YES;
				CLANG_WARN_BOOL_CONVERSION = YES;
				CLANG_WARN_COMMA = YES;
				CLANG_WARN_CONSTANT_CONVERSION = YES;
				CLANG_WARN_DEPRECATED_OBJC_IMPLEMENTATIONS = YES;
				CLANG_WARN_DIRECT_OBJC_ISA_USAGE = YES_ERROR;
				CLANG_WARN_DOCUMENTATION_COMMENTS = YES;
				CLANG_WARN_EMPTY_BODY = YES;
				CLANG_WARN_ENUM_CONVERSION = YES;
				CLANG_WARN_INFINITE_RECURSION = YES;
				CLANG_WARN_INT_CONVERSION = YES;
				CLANG_WARN_NON_LITERAL_NULL_CONVERSION = YES;
				CLANG_WARN_OBJC_IMPLICIT_RETAIN_SELF = YES;
				CLANG_WARN_OBJC_LITERAL_CONVERSION = YES;
				CLANG_WARN_OBJC_ROOT_CLASS = YES_ERROR;
				CLANG_WARN_QUOTED_INCLUDE_IN_FRAMEWORK_HEADER = YES;
				CLANG_WARN_RANGE_LOOP_ANALYSIS = YES;
				CLANG_WARN_STRICT_PROTOTYPES = YES;
				CLANG_WARN_SUSPICIOUS_MOVE = YES;
				CLANG_WARN_UNGUARDED_AVAILABILITY = YES_AGGRESSIVE;
				CLANG_WARN_UNREACHABLE_CODE = YES;
				CLANG_WARN__DUPLICATE_METHOD_MATCH = YES;
				COPY_PHASE_STRIP = NO;
				DEBUG_INFORMATION_FORMAT = dwarf;
				ENABLE_STRICT_OBJC_MSGSEND = YES;
				ENABLE_TESTABILITY = YES;
				ENABLE_USER_SCRIPT_SANDBOXING = YES;
				GCC_C_LANGUAGE_STANDARD = gnu17;
				GCC_DYNAMIC_NO_PIC = NO;
				GCC_NO_COMMON_BLOCKS = YES;
				GCC_OPTIMIZATION_LEVEL = 0;
				GCC_PREPROCESSOR_DEFINITIONS = (
					"DEBUG=1",
					"$(inherited)",
				);
				GCC_WARN_64_TO_32_BIT_CONVERSION = YES;
				GCC_WARN_ABOUT_RETURN_TYPE = YES_ERROR;
				GCC_WARN_UNDECLARED_SELECTOR = YES;
				GCC_WARN_UNINITIALIZED_AUTOS = YES_AGGRESSIVE;
				GCC_WARN_UNUSED_FUNCTION = YES;
				GCC_WARN_UNUSED_VARIABLE = YES;
				IPHONEOS_DEPLOYMENT_TARGET = 18.0;
				LOCALIZATION_PREFERS_STRING_CATALOGS = YES;
				MTL_ENABLE_DEBUG_INFO = INCLUDE_SOURCE;
				MTL_FAST_MATH = YES;
				ONLY_ACTIVE_ARCH = YES;
				SDKROOT = iphoneos;
				SWIFT_ACTIVE_COMPILATION_CONDITIONS = "DEBUG $(inherited)";
				SWIFT_OPTIMIZATION_LEVEL = "-Onone";
			};
			name = Debug;
		};
		7DFB5D452C3550490092FEC5 /* Release */ = {
			isa = XCBuildConfiguration;
			buildSettings = {
				ALWAYS_SEARCH_USER_PATHS = NO;
				ASSETCATALOG_COMPILER_GENERATE_SWIFT_ASSET_SYMBOL_EXTENSIONS = YES;
				CLANG_ANALYZER_NONNULL = YES;
				CLANG_ANALYZER_NUMBER_OBJECT_CONVERSION = YES_AGGRESSIVE;
				CLANG_CXX_LANGUAGE_STANDARD = "gnu++20";
				CLANG_ENABLE_MODULES = YES;
				CLANG_ENABLE_OBJC_ARC = YES;
				CLANG_ENABLE_OBJC_WEAK = YES;
				CLANG_WARN_BLOCK_CAPTURE_AUTORELEASING = YES;
				CLANG_WARN_BOOL_CONVERSION = YES;
				CLANG_WARN_COMMA = YES;
				CLANG_WARN_CONSTANT_CONVERSION = YES;
				CLANG_WARN_DEPRECATED_OBJC_IMPLEMENTATIONS = YES;
				CLANG_WARN_DIRECT_OBJC_ISA_USAGE = YES_ERROR;
				CLANG_WARN_DOCUMENTATION_COMMENTS = YES;
				CLANG_WARN_EMPTY_BODY = YES;
				CLANG_WARN_ENUM_CONVERSION = YES;
				CLANG_WARN_INFINITE_RECURSION = YES;
				CLANG_WARN_INT_CONVERSION = YES;
				CLANG_WARN_NON_LITERAL_NULL_CONVERSION = YES;
				CLANG_WARN_OBJC_IMPLICIT_RETAIN_SELF = YES;
				CLANG_WARN_OBJC_LITERAL_CONVERSION = YES;
				CLANG_WARN_OBJC_ROOT_CLASS = YES_ERROR;
				CLANG_WARN_QUOTED_INCLUDE_IN_FRAMEWORK_HEADER = YES;
				CLANG_WARN_RANGE_LOOP_ANALYSIS = YES;
				CLANG_WARN_STRICT_PROTOTYPES = YES;
				CLANG_WARN_SUSPICIOUS_MOVE = YES;
				CLANG_WARN_UNGUARDED_AVAILABILITY = YES_AGGRESSIVE;
				CLANG_WARN_UNREACHABLE_CODE = YES;
				CLANG_WARN__DUPLICATE_METHOD_MATCH = YES;
				COPY_PHASE_STRIP = NO;
				DEBUG_INFORMATION_FORMAT = "dwarf-with-dsym";
				ENABLE_NS_ASSERTIONS = NO;
				ENABLE_STRICT_OBJC_MSGSEND = YES;
				ENABLE_USER_SCRIPT_SANDBOXING = YES;
				GCC_C_LANGUAGE_STANDARD = gnu17;
				GCC_NO_COMMON_BLOCKS = YES;
				GCC_WARN_64_TO_32_BIT_CONVERSION = YES;
				GCC_WARN_ABOUT_RETURN_TYPE = YES_ERROR;
				GCC_WARN_UNDECLARED_SELECTOR = YES;
				GCC_WARN_UNINITIALIZED_AUTOS = YES_AGGRESSIVE;
				GCC_WARN_UNUSED_FUNCTION = YES;
				GCC_WARN_UNUSED_VARIABLE = YES;
				IPHONEOS_DEPLOYMENT_TARGET = 18.0;
				LOCALIZATION_PREFERS_STRING_CATALOGS = YES;
				MTL_ENABLE_DEBUG_INFO = NO;
				MTL_FAST_MATH = YES;
				SDKROOT = iphoneos;
				SWIFT_COMPILATION_MODE = wholemodule;
				VALIDATE_PRODUCT = YES;
			};
			name = Release;
		};
		7DFB5D472C3550490092FEC5 /* Debug */ = {
			isa = XCBuildConfiguration;
			baseConfigurationReference = C8E2106A2F79AF4C2D465D4D /* Pods-TestingWorkshop.debug.xcconfig */;
			buildSettings = {
				ASSETCATALOG_COMPILER_APPICON_NAME = AppIcon;
				ASSETCATALOG_COMPILER_GLOBAL_ACCENT_COLOR_NAME = AccentColor;
				CODE_SIGN_STYLE = Automatic;
				CURRENT_PROJECT_VERSION = 1;
				DEVELOPMENT_ASSET_PATHS = "\"TestingWorkshop/Preview Content\"";
				DEVELOPMENT_TEAM = K7XJG666ZW;
				ENABLE_PREVIEWS = YES;
				ENABLE_USER_SCRIPT_SANDBOXING = NO;
				GENERATE_INFOPLIST_FILE = YES;
				INFOPLIST_KEY_UIApplicationSceneManifest_Generation = YES;
				INFOPLIST_KEY_UIApplicationSupportsIndirectInputEvents = YES;
				INFOPLIST_KEY_UILaunchScreen_Generation = YES;
				INFOPLIST_KEY_UISupportedInterfaceOrientations_iPad = "UIInterfaceOrientationPortrait UIInterfaceOrientationPortraitUpsideDown UIInterfaceOrientationLandscapeLeft UIInterfaceOrientationLandscapeRight";
				INFOPLIST_KEY_UISupportedInterfaceOrientations_iPhone = "UIInterfaceOrientationPortrait UIInterfaceOrientationLandscapeLeft UIInterfaceOrientationLandscapeRight";
				LD_RUNPATH_SEARCH_PATHS = (
					"$(inherited)",
					"@executable_path/Frameworks",
				);
				MARKETING_VERSION = 1.0;
				PRODUCT_BUNDLE_IDENTIFIER = simform.TestingWorkshop;
				PRODUCT_NAME = "$(TARGET_NAME)";
				SWIFT_EMIT_LOC_STRINGS = YES;
				SWIFT_VERSION = 5.0;
				TARGETED_DEVICE_FAMILY = "1,2";
			};
			name = Debug;
		};
		7DFB5D482C3550490092FEC5 /* Release */ = {
			isa = XCBuildConfiguration;
			baseConfigurationReference = 83EC1B78ACB01E28004F68B4 /* Pods-TestingWorkshop.release.xcconfig */;
			buildSettings = {
				ASSETCATALOG_COMPILER_APPICON_NAME = AppIcon;
				ASSETCATALOG_COMPILER_GLOBAL_ACCENT_COLOR_NAME = AccentColor;
				CODE_SIGN_STYLE = Automatic;
				CURRENT_PROJECT_VERSION = 1;
				DEVELOPMENT_ASSET_PATHS = "\"TestingWorkshop/Preview Content\"";
				DEVELOPMENT_TEAM = K7XJG666ZW;
				ENABLE_PREVIEWS = YES;
				ENABLE_USER_SCRIPT_SANDBOXING = NO;
				GENERATE_INFOPLIST_FILE = YES;
				INFOPLIST_KEY_UIApplicationSceneManifest_Generation = YES;
				INFOPLIST_KEY_UIApplicationSupportsIndirectInputEvents = YES;
				INFOPLIST_KEY_UILaunchScreen_Generation = YES;
				INFOPLIST_KEY_UISupportedInterfaceOrientations_iPad = "UIInterfaceOrientationPortrait UIInterfaceOrientationPortraitUpsideDown UIInterfaceOrientationLandscapeLeft UIInterfaceOrientationLandscapeRight";
				INFOPLIST_KEY_UISupportedInterfaceOrientations_iPhone = "UIInterfaceOrientationPortrait UIInterfaceOrientationLandscapeLeft UIInterfaceOrientationLandscapeRight";
				LD_RUNPATH_SEARCH_PATHS = (
					"$(inherited)",
					"@executable_path/Frameworks",
				);
				MARKETING_VERSION = 1.0;
				PRODUCT_BUNDLE_IDENTIFIER = simform.TestingWorkshop;
				PRODUCT_NAME = "$(TARGET_NAME)";
				SWIFT_EMIT_LOC_STRINGS = YES;
				SWIFT_VERSION = 5.0;
				TARGETED_DEVICE_FAMILY = "1,2";
			};
			name = Release;
		};
		7DFB5D4A2C3550490092FEC5 /* Debug */ = {
			isa = XCBuildConfiguration;
			baseConfigurationReference = 9404C779418392614D47F4E5 /* Pods-TestingWorkshopTests.debug.xcconfig */;
			buildSettings = {
				BUNDLE_LOADER = "$(TEST_HOST)";
				CODE_SIGN_STYLE = Automatic;
				CURRENT_PROJECT_VERSION = 1;
				ENABLE_USER_SCRIPT_SANDBOXING = NO;
				GENERATE_INFOPLIST_FILE = YES;
				IPHONEOS_DEPLOYMENT_TARGET = 18.0;
				MARKETING_VERSION = 1.0;
				PRODUCT_BUNDLE_IDENTIFIER = simform.TestingWorkshopTests;
				PRODUCT_NAME = "$(TARGET_NAME)";
				SWIFT_EMIT_LOC_STRINGS = NO;
				SWIFT_VERSION = 5.0;
				TARGETED_DEVICE_FAMILY = "1,2";
				TEST_HOST = "$(BUILT_PRODUCTS_DIR)/TestingWorkshop.app/$(BUNDLE_EXECUTABLE_FOLDER_PATH)/TestingWorkshop";
			};
			name = Debug;
		};
		7DFB5D4B2C3550490092FEC5 /* Release */ = {
			isa = XCBuildConfiguration;
			baseConfigurationReference = 4A8AD0D7D01A6D86638F5214 /* Pods-TestingWorkshopTests.release.xcconfig */;
			buildSettings = {
				BUNDLE_LOADER = "$(TEST_HOST)";
				CODE_SIGN_STYLE = Automatic;
				CURRENT_PROJECT_VERSION = 1;
				ENABLE_USER_SCRIPT_SANDBOXING = NO;
				GENERATE_INFOPLIST_FILE = YES;
				IPHONEOS_DEPLOYMENT_TARGET = 18.0;
				MARKETING_VERSION = 1.0;
				PRODUCT_BUNDLE_IDENTIFIER = simform.TestingWorkshopTests;
				PRODUCT_NAME = "$(TARGET_NAME)";
				SWIFT_EMIT_LOC_STRINGS = NO;
				SWIFT_VERSION = 5.0;
				TARGETED_DEVICE_FAMILY = "1,2";
				TEST_HOST = "$(BUILT_PRODUCTS_DIR)/TestingWorkshop.app/$(BUNDLE_EXECUTABLE_FOLDER_PATH)/TestingWorkshop";
			};
			name = Release;
		};
		7DFB5D4D2C3550490092FEC5 /* Debug */ = {
			isa = XCBuildConfiguration;
			baseConfigurationReference = 7C2C8025068CE8EF50A4C067 /* Pods-TestingWorkshop-TestingWorkshopUITests.debug.xcconfig */;
			buildSettings = {
				CODE_SIGN_STYLE = Automatic;
				CURRENT_PROJECT_VERSION = 1;
				ENABLE_USER_SCRIPT_SANDBOXING = NO;
				GENERATE_INFOPLIST_FILE = YES;
				MARKETING_VERSION = 1.0;
				PRODUCT_BUNDLE_IDENTIFIER = simform.TestingWorkshopUITests;
				PRODUCT_NAME = "$(TARGET_NAME)";
				SWIFT_EMIT_LOC_STRINGS = NO;
				SWIFT_VERSION = 5.0;
				TARGETED_DEVICE_FAMILY = "1,2";
				TEST_TARGET_NAME = TestingWorkshop;
			};
			name = Debug;
		};
		7DFB5D4E2C3550490092FEC5 /* Release */ = {
			isa = XCBuildConfiguration;
			baseConfigurationReference = 18802815BAED9223E7A61756 /* Pods-TestingWorkshop-TestingWorkshopUITests.release.xcconfig */;
			buildSettings = {
				CODE_SIGN_STYLE = Automatic;
				CURRENT_PROJECT_VERSION = 1;
				ENABLE_USER_SCRIPT_SANDBOXING = NO;
				GENERATE_INFOPLIST_FILE = YES;
				MARKETING_VERSION = 1.0;
				PRODUCT_BUNDLE_IDENTIFIER = simform.TestingWorkshopUITests;
				PRODUCT_NAME = "$(TARGET_NAME)";
				SWIFT_EMIT_LOC_STRINGS = NO;
				SWIFT_VERSION = 5.0;
				TARGETED_DEVICE_FAMILY = "1,2";
				TEST_TARGET_NAME = TestingWorkshop;
			};
			name = Release;
		};
/* End XCBuildConfiguration section */

/* Begin XCConfigurationList section */
		7DFB5D1D2C3550480092FEC5 /* Build configuration list for PBXProject "TestingWorkshop" */ = {
			isa = XCConfigurationList;
			buildConfigurations = (
				7DFB5D442C3550490092FEC5 /* Debug */,
				7DFB5D452C3550490092FEC5 /* Release */,
			);
			defaultConfigurationIsVisible = 0;
			defaultConfigurationName = Release;
		};
		7DFB5D462C3550490092FEC5 /* Build configuration list for PBXNativeTarget "TestingWorkshop" */ = {
			isa = XCConfigurationList;
			buildConfigurations = (
				7DFB5D472C3550490092FEC5 /* Debug */,
				7DFB5D482C3550490092FEC5 /* Release */,
			);
			defaultConfigurationIsVisible = 0;
			defaultConfigurationName = Release;
		};
		7DFB5D492C3550490092FEC5 /* Build configuration list for PBXNativeTarget "TestingWorkshopTests" */ = {
			isa = XCConfigurationList;
			buildConfigurations = (
				7DFB5D4A2C3550490092FEC5 /* Debug */,
				7DFB5D4B2C3550490092FEC5 /* Release */,
			);
			defaultConfigurationIsVisible = 0;
			defaultConfigurationName = Release;
		};
		7DFB5D4C2C3550490092FEC5 /* Build configuration list for PBXNativeTarget "TestingWorkshopUITests" */ = {
			isa = XCConfigurationList;
			buildConfigurations = (
				7DFB5D4D2C3550490092FEC5 /* Debug */,
				7DFB5D4E2C3550490092FEC5 /* Release */,
			);
			defaultConfigurationIsVisible = 0;
			defaultConfigurationName = Release;
		};
/* End XCConfigurationList section */
	};
	rootObject = 7DFB5D1A2C3550480092FEC5 /* Project object */;
}
